
Microsoft Visual Studio Solution File, Format Version 12.00
# Visual Studio Version 16
VisualStudioVersion = 16.0.33328.57
MinimumVisualStudioVersion = 10.0.40219.1
Project("{FAE04EC0-301F-11D3-BF4B-00C04F79EFBC}") = "Tool_SoldIn-SoldOut", "Tool_SoldIn-SoldOut\Tool_SoldIn-SoldOut.csproj", "{23A4B1FB-B9DF-4B8C-B8BE-BE0C0C017FC5}"
EndProject
Global
	GlobalSection(SolutionConfigurationPlatforms) = preSolution
		Debug|Any CPU = Debug|Any CPU
		Debug|x86 = Debug|x86
		Release|Any CPU = Release|Any CPU
		Release|x86 = Release|x86
	EndGlobalSection
	GlobalSection(ProjectConfigurationPlatforms) = postSolution
		{23A4B1FB-B9DF-4B8C-B8BE-BE0C0C017FC5}.Debug|Any CPU.ActiveCfg = Debug|Any CPU
		{23A4B1FB-B9DF-4B8C-B8BE-BE0C0C017FC5}.Debug|Any CPU.Build.0 = Debug|Any CPU
		{23A4B1FB-B9DF-4B8C-B8BE-BE0C0C017FC5}.Debug|x86.ActiveCfg = Debug|x86
		{23A4B1FB-B9DF-4B8C-B8BE-BE0C0C017FC5}.Debug|x86.Build.0 = Debug|x86
		{23A4B1FB-B9DF-4B8C-B8BE-BE0C0C017FC5}.Release|Any CPU.ActiveCfg = Release|Any CPU
		{23A4B1FB-B9DF-4B8C-B8BE-BE0C0C017FC5}.Release|Any CPU.Build.0 = Release|Any CPU
		{23A4B1FB-B9DF-4B8C-B8BE-BE0C0C017FC5}.Release|x86.ActiveCfg = Release|x86
		{23A4B1FB-B9DF-4B8C-B8BE-BE0C0C017FC5}.Release|x86.Build.0 = Release|x86
	EndGlobalSection
	GlobalSection(SolutionProperties) = preSolution
		HideSolutionNode = FALSE
	EndGlobalSection
	GlobalSection(ExtensibilityGlobals) = postSolution
		SolutionGuid = {799F57C1-86C4-4CE4-8EEA-008A02C5589D}
	EndGlobalSection
EndGlobal
